
Microsoft Visual Studio Solution File, Format Version 12.00
# Visual Studio Version 16
VisualStudioVersion = 16.0.30611.23
MinimumVisualStudioVersion = 10.0.40219.1
Project("{FAE04EC0-301F-11D3-BF4B-00C04F79EFBC}") = "hw_111", "hw_111\hw_111.csproj", "{2CE491B4-C1BE-4152-BB53-0AB391B632D0}"
EndProject
Global
	GlobalSection(SolutionConfigurationPlatforms) = preSolution
		Debug|Any CPU = Debug|Any CPU
		Release|Any CPU = Release|Any CPU
	EndGlobalSection
	GlobalSection(ProjectConfigurationPlatforms) = postSolution
		{2CE491B4-C1BE-4152-BB53-0AB391B632D0}.Debug|Any CPU.ActiveCfg = Debug|Any CPU
		{2CE491B4-C1BE-4152-BB53-0AB391B632D0}.Debug|Any CPU.Build.0 = Debug|Any CPU
		{2CE491B4-C1BE-4152-BB53-0AB391B632D0}.Release|Any CPU.ActiveCfg = Release|Any CPU
		{2CE491B4-C1BE-4152-BB53-0AB391B632D0}.Release|Any CPU.Build.0 = Release|Any CPU
	EndGlobalSection
	GlobalSection(SolutionProperties) = preSolution
		HideSolutionNode = FALSE
	EndGlobalSection
	GlobalSection(ExtensibilityGlobals) = postSolution
		SolutionGuid = {B636F33E-3112-4B47-B8AE-54D3EEE63BF6}
	EndGlobalSection
EndGlobal
